
Microsoft Visual Studio Solution File, Format Version 12.00
# Visual Studio Version 16
VisualStudioVersion = 16.0.32413.511
MinimumVisualStudioVersion = 10.0.40219.1
Project("{FAE04EC0-301F-11D3-BF4B-00C04F79EFBC}") = "AVLTree", "AVLTree\AVLTree.csproj", "{3F57F643-30C8-4723-BA6F-4E5B8EA2425D}"
EndProject
Global
	GlobalSection(SolutionConfigurationPlatforms) = preSolution
		Debug|Any CPU = Debug|Any CPU
		Release|Any CPU = Release|Any CPU
	EndGlobalSection
	GlobalSection(ProjectConfigurationPlatforms) = postSolution
		{3F57F643-30C8-4723-BA6F-4E5B8EA2425D}.Debug|Any CPU.ActiveCfg = Debug|Any CPU
		{3F57F643-30C8-4723-BA6F-4E5B8EA2425D}.Debug|Any CPU.Build.0 = Debug|Any CPU
		{3F57F643-30C8-4723-BA6F-4E5B8EA2425D}.Release|Any CPU.ActiveCfg = Release|Any CPU
		{3F57F643-30C8-4723-BA6F-4E5B8EA2425D}.Release|Any CPU.Build.0 = Release|Any CPU
	EndGlobalSection
	GlobalSection(SolutionProperties) = preSolution
		HideSolutionNode = FALSE
	EndGlobalSection
	GlobalSection(ExtensibilityGlobals) = postSolution
		SolutionGuid = {F1236C48-3F62-4411-9F73-C0F5FFB846E7}
	EndGlobalSection
EndGlobal
