
Microsoft Visual Studio Solution File, Format Version 12.00
# Visual Studio Version 16
VisualStudioVersion = 16.0.31729.503
MinimumVisualStudioVersion = 10.0.40219.1
Project("{FAE04EC0-301F-11D3-BF4B-00C04F79EFBC}") = "BinaryHeap", "BinaryHeap\BinaryHeap.csproj", "{DAF023DE-6823-438B-8E2F-60D8114B0B8A}"
EndProject
Global
	GlobalSection(SolutionConfigurationPlatforms) = preSolution
		Debug|Any CPU = Debug|Any CPU
		Release|Any CPU = Release|Any CPU
	EndGlobalSection
	GlobalSection(ProjectConfigurationPlatforms) = postSolution
		{DAF023DE-6823-438B-8E2F-60D8114B0B8A}.Debug|Any CPU.ActiveCfg = Debug|Any CPU
		{DAF023DE-6823-438B-8E2F-60D8114B0B8A}.Debug|Any CPU.Build.0 = Debug|Any CPU
		{DAF023DE-6823-438B-8E2F-60D8114B0B8A}.Release|Any CPU.ActiveCfg = Release|Any CPU
		{DAF023DE-6823-438B-8E2F-60D8114B0B8A}.Release|Any CPU.Build.0 = Release|Any CPU
	EndGlobalSection
	GlobalSection(SolutionProperties) = preSolution
		HideSolutionNode = FALSE
	EndGlobalSection
	GlobalSection(ExtensibilityGlobals) = postSolution
		SolutionGuid = {EFCB2CD8-4FB2-4DBC-93C3-BE1601BAC1BD}
	EndGlobalSection
EndGlobal
